
Microsoft Visual Studio Solution File, Format Version 12.00
# Visual Studio Version 17
VisualStudioVersion = 17.2.32516.85
MinimumVisualStudioVersion = 10.0.40219.1
Project("{FAE04EC0-301F-11D3-BF4B-00C04F79EFBC}") = "OrdersManager", "OrdersManager.csproj", "{9127DE80-9BAD-4DEA-9080-2CF0220C495C}"
EndProject
Global
	GlobalSection(SolutionConfigurationPlatforms) = preSolution
		Debug|Any CPU = Debug|Any CPU
		Release|Any CPU = Release|Any CPU
	EndGlobalSection
	GlobalSection(ProjectConfigurationPlatforms) = postSolution
		{9127DE80-9BAD-4DEA-9080-2CF0220C495C}.Debug|Any CPU.ActiveCfg = Debug|Any CPU
		{9127DE80-9BAD-4DEA-9080-2CF0220C495C}.Debug|Any CPU.Build.0 = Debug|Any CPU
		{9127DE80-9BAD-4DEA-9080-2CF0220C495C}.Release|Any CPU.ActiveCfg = Release|Any CPU
		{9127DE80-9BAD-4DEA-9080-2CF0220C495C}.Release|Any CPU.Build.0 = Release|Any CPU
	EndGlobalSection
	GlobalSection(SolutionProperties) = preSolution
		HideSolutionNode = FALSE
	EndGlobalSection
	GlobalSection(ExtensibilityGlobals) = postSolution
		SolutionGuid = {DEF274EC-396C-44FD-A2B7-283A7A1A3A61}
	EndGlobalSection
EndGlobal
